// !$*UTF8*$!
{
	archiveVersion = 1;
	classes = {
	};
	objectVersion = 56;
	objects = {

/* Begin PBXBuildFile section */
		491B3CCF2B8947230096A7F2 /* b.square.svg in Resources */ = {isa = PBXBuildFile; fileRef = 491B3CCE2B8947230096A7F2 /* b.square.svg */; };
		491B3CD12B8955190096A7F2 /* Store.swift in Sources */ = {isa = PBXBuildFile; fileRef = 491B3CD02B8955190096A7F2 /* Store.swift */; };
		491B3CD32B8957CA0096A7F2 /* Bluetooth.swift in Sources */ = {isa = PBXBuildFile; fileRef = 491B3CD22B8957CA0096A7F2 /* Bluetooth.swift */; };
		491B3CD52B89708C0096A7F2 /* Notifier.swift in Sources */ = {isa = PBXBuildFile; fileRef = 491B3CD42B89708C0096A7F2 /* Notifier.swift */; };
		49AFC2FC2B88D6EC00369796 /* BluetoothSleepApp.swift in Sources */ = {isa = PBXBuildFile; fileRef = 49AFC2FB2B88D6EC00369796 /* BluetoothSleepApp.swift */; };
		49AFC2FE2B88D6EC00369796 /* ContentView.swift in Sources */ = {isa = PBXBuildFile; fileRef = 49AFC2FD2B88D6EC00369796 /* ContentView.swift */; };
		49AFC3002B88D6ED00369796 /* Assets.xcassets in Resources */ = {isa = PBXBuildFile; fileRef = 49AFC2FF2B88D6ED00369796 /* Assets.xcassets */; };
		49AFC3032B88D6ED00369796 /* Preview Assets.xcassets in Resources */ = {isa = PBXBuildFile; fileRef = 49AFC3022B88D6ED00369796 /* Preview Assets.xcassets */; };
/* End PBXBuildFile section */

/* Begin PBXFileReference section */
		491B3CCE2B8947230096A7F2 /* b.square.svg */ = {isa = PBXFileReference; fileEncoding = 4; lastKnownFileType = text.xml; path = b.square.svg; sourceTree = "<group>"; };
		491B3CD02B8955190096A7F2 /* Store.swift */ = {isa = PBXFileReference; lastKnownFileType = sourcecode.swift; path = Store.swift; sourceTree = "<group>"; };
		491B3CD22B8957CA0096A7F2 /* Bluetooth.swift */ = {isa = PBXFileReference; lastKnownFileType = sourcecode.swift; path = Bluetooth.swift; sourceTree = "<group>"; };
		491B3CD42B89708C0096A7F2 /* Notifier.swift */ = {isa = PBXFileReference; lastKnownFileType = sourcecode.swift; path = Notifier.swift; sourceTree = "<group>"; };
		49AFC2F82B88D6EC00369796 /* BluetoothSleep.app */ = {isa = PBXFileReference; explicitFileType = wrapper.application; includeInIndex = 0; path = BluetoothSleep.app; sourceTree = BUILT_PRODUCTS_DIR; };
		49AFC2FB2B88D6EC00369796 /* BluetoothSleepApp.swift */ = {isa = PBXFileReference; lastKnownFileType = sourcecode.swift; path = BluetoothSleepApp.swift; sourceTree = "<group>"; };
		49AFC2FD2B88D6EC00369796 /* ContentView.swift */ = {isa = PBXFileReference; lastKnownFileType = sourcecode.swift; path = ContentView.swift; sourceTree = "<group>"; };
		49AFC2FF2B88D6ED00369796 /* Assets.xcassets */ = {isa = PBXFileReference; lastKnownFileType = folder.assetcatalog; path = Assets.xcassets; sourceTree = "<group>"; };
		49AFC3022B88D6ED00369796 /* Preview Assets.xcassets */ = {isa = PBXFileReference; lastKnownFileType = folder.assetcatalog; path = "Preview Assets.xcassets"; sourceTree = "<group>"; };
		49AFC3042B88D6ED00369796 /* BluetoothSleep.entitlements */ = {isa = PBXFileReference; lastKnownFileType = text.plist.entitlements; path = BluetoothSleep.entitlements; sourceTree = "<group>"; };
/* End PBXFileReference section */

/* Begin PBXFrameworksBuildPhase section */
		49AFC2F52B88D6EC00369796 /* Frameworks */ = {
			isa = PBXFrameworksBuildPhase;
			buildActionMask = 2147483647;
			files = (
			);
			runOnlyForDeploymentPostprocessing = 0;
		};
/* End PBXFrameworksBuildPhase section */

/* Begin PBXGroup section */
		49AFC2EF2B88D6EC00369796 = {
			isa = PBXGroup;
			children = (
				49AFC2FA2B88D6EC00369796 /* BluetoothSleep */,
				49AFC2F92B88D6EC00369796 /* Products */,
			);
			sourceTree = "<group>";
		};
		49AFC2F92B88D6EC00369796 /* Products */ = {
			isa = PBXGroup;
			children = (
				49AFC2F82B88D6EC00369796 /* BluetoothSleep.app */,
			);
			name = Products;
			sourceTree = "<group>";
		};
		49AFC2FA2B88D6EC00369796 /* BluetoothSleep */ = {
			isa = PBXGroup;
			children = (
				49AFC2FB2B88D6EC00369796 /* BluetoothSleepApp.swift */,
				49AFC2FD2B88D6EC00369796 /* ContentView.swift */,
				49AFC2FF2B88D6ED00369796 /* Assets.xcassets */,
				491B3CCE2B8947230096A7F2 /* b.square.svg */,
				49AFC3042B88D6ED00369796 /* BluetoothSleep.entitlements */,
				49AFC3012B88D6ED00369796 /* Preview Content */,
				491B3CD02B8955190096A7F2 /* Store.swift */,
				491B3CD22B8957CA0096A7F2 /* Bluetooth.swift */,
				491B3CD42B89708C0096A7F2 /* Notifier.swift */,
			);
			path = BluetoothSleep;
			sourceTree = "<group>";
		};
		49AFC3012B88D6ED00369796 /* Preview Content */ = {
			isa = PBXGroup;
			children = (
				49AFC3022B88D6ED00369796 /* Preview Assets.xcassets */,
			);
			path = "Preview Content";
			sourceTree = "<group>";
		};
/* End PBXGroup section */

/* Begin PBXNativeTarget section */
		49AFC2F72B88D6EC00369796 /* BluetoothSleep */ = {
			isa = PBXNativeTarget;
			buildConfigurationList = 49AFC3072B88D6ED00369796 /* Build configuration list for PBXNativeTarget "BluetoothSleep" */;
			buildPhases = (
				49AFC2F42B88D6EC00369796 /* Sources */,
				49AFC2F52B88D6EC00369796 /* Frameworks */,
				49AFC2F62B88D6EC00369796 /* Resources */,
			);
			buildRules = (
			);
			dependencies = (
			);
			name = BluetoothSleep;
			productName = BluetoothSleep;
			productReference = 49AFC2F82B88D6EC00369796 /* BluetoothSleep.app */;
			productType = "com.apple.product-type.application";
		};
/* End PBXNativeTarget section */

/* Begin PBXProject section */
		49AFC2F02B88D6EC00369796 /* Project object */ = {
			isa = PBXProject;
			attributes = {
				BuildIndependentTargetsInParallel = 1;
				LastSwiftUpdateCheck = 1520;
				LastUpgradeCheck = 1520;
				TargetAttributes = {
					49AFC2F72B88D6EC00369796 = {
						CreatedOnToolsVersion = 15.2;
					};
				};
			};
			buildConfigurationList = 49AFC2F32B88D6EC00369796 /* Build configuration list for PBXProject "BluetoothSleep" */;
			compatibilityVersion = "Xcode 14.0";
			developmentRegion = en;
			hasScannedForEncodings = 0;
			knownRegions = (
				en,
				Base,
			);
			mainGroup = 49AFC2EF2B88D6EC00369796;
			productRefGroup = 49AFC2F92B88D6EC00369796 /* Products */;
			projectDirPath = "";
			projectRoot = "";
			targets = (
				49AFC2F72B88D6EC00369796 /* BluetoothSleep */,
			);
		};
/* End PBXProject section */

/* Begin PBXResourcesBuildPhase section */
		49AFC2F62B88D6EC00369796 /* Resources */ = {
			isa = PBXResourcesBuildPhase;
			buildActionMask = 2147483647;
			files = (
				49AFC3032B88D6ED00369796 /* Preview Assets.xcassets in Resources */,
				49AFC3002B88D6ED00369796 /* Assets.xcassets in Resources */,
				491B3CCF2B8947230096A7F2 /* b.square.svg in Resources */,
			);
			runOnlyForDeploymentPostprocessing = 0;
		};
/* End PBXResourcesBuildPhase section */

/* Begin PBXSourcesBuildPhase section */
		49AFC2F42B88D6EC00369796 /* Sources */ = {
			isa = PBXSourcesBuildPhase;
			buildActionMask = 2147483647;
			files = (
				491B3CD52B89708C0096A7F2 /* Notifier.swift in Sources */,
				491B3CD32B8957CA0096A7F2 /* Bluetooth.swift in Sources */,
				491B3CD12B8955190096A7F2 /* Store.swift in Sources */,
				49AFC2FE2B88D6EC00369796 /* ContentView.swift in Sources */,
				49AFC2FC2B88D6EC00369796 /* BluetoothSleepApp.swift in Sources */,
			);
			runOnlyForDeploymentPostprocessing = 0;
		};
/* End PBXSourcesBuildPhase section */

/* Begin XCBuildConfiguration section */
		49AFC3052B88D6ED00369796 /* Debug */ = {
			isa = XCBuildConfiguration;
			buildSettings = {
				ALWAYS_SEARCH_USER_PATHS = NO;
				ASSETCATALOG_COMPILER_GENERATE_SWIFT_ASSET_SYMBOL_EXTENSIONS = YES;
				CLANG_ANALYZER_NONNULL = YES;
				CLANG_ANALYZER_NUMBER_OBJECT_CONVERSION = YES_AGGRESSIVE;
				CLANG_CXX_LANGUAGE_STANDARD = "gnu++20";
				CLANG_ENABLE_MODULES = YES;
				CLANG_ENABLE_OBJC_ARC = YES;
				CLANG_ENABLE_OBJC_WEAK = YES;
				CLANG_WARN_BLOCK_CAPTURE_AUTORELEASING = YES;
				CLANG_WARN_BOOL_CONVERSION = YES;
				CLANG_WARN_COMMA = YES;
				CLANG_WARN_CONSTANT_CONVERSION = YES;
				CLANG_WARN_DEPRECATED_OBJC_IMPLEMENTATIONS = YES;
				CLANG_WARN_DIRECT_OBJC_ISA_USAGE = YES_ERROR;
				CLANG_WARN_DOCUMENTATION_COMMENTS = YES;
				CLANG_WARN_EMPTY_BODY = YES;
				CLANG_WARN_ENUM_CONVERSION = YES;
				CLANG_WARN_INFINITE_RECURSION = YES;
				CLANG_WARN_INT_CONVERSION = YES;
				CLANG_WARN_NON_LITERAL_NULL_CONVERSION = YES;
				CLANG_WARN_OBJC_IMPLICIT_RETAIN_SELF = YES;
				CLANG_WARN_OBJC_LITERAL_CONVERSION = YES;
				CLANG_WARN_OBJC_ROOT_CLASS = YES_ERROR;
				CLANG_WARN_QUOTED_INCLUDE_IN_FRAMEWORK_HEADER = YES;
				CLANG_WARN_RANGE_LOOP_ANALYSIS = YES;
				CLANG_WARN_STRICT_PROTOTYPES = YES;
				CLANG_WARN_SUSPICIOUS_MOVE = YES;
				CLANG_WARN_UNGUARDED_AVAILABILITY = YES_AGGRESSIVE;
				CLANG_WARN_UNREACHABLE_CODE = YES;
				CLANG_WARN__DUPLICATE_METHOD_MATCH = YES;
				COPY_PHASE_STRIP = NO;
				DEBUG_INFORMATION_FORMAT = dwarf;
				ENABLE_STRICT_OBJC_MSGSEND = YES;
				ENABLE_TESTABILITY = YES;
				ENABLE_USER_SCRIPT_SANDBOXING = YES;
				GCC_C_LANGUAGE_STANDARD = gnu17;
				GCC_DYNAMIC_NO_PIC = NO;
				GCC_NO_COMMON_BLOCKS = YES;
				GCC_OPTIMIZATION_LEVEL = 0;
				GCC_PREPROCESSOR_DEFINITIONS = (
					"DEBUG=1",
					"$(inherited)",
				);
				GCC_WARN_64_TO_32_BIT_CONVERSION = YES;
				GCC_WARN_ABOUT_RETURN_TYPE = YES_ERROR;
				GCC_WARN_UNDECLARED_SELECTOR = YES;
				GCC_WARN_UNINITIALIZED_AUTOS = YES_AGGRESSIVE;
				GCC_WARN_UNUSED_FUNCTION = YES;
				GCC_WARN_UNUSED_VARIABLE = YES;
				LOCALIZATION_PREFERS_STRING_CATALOGS = YES;
				MACOSX_DEPLOYMENT_TARGET = 14.2;
				MTL_ENABLE_DEBUG_INFO = INCLUDE_SOURCE;
				MTL_FAST_MATH = YES;
				ONLY_ACTIVE_ARCH = YES;
				SDKROOT = macosx;
				SWIFT_ACTIVE_COMPILATION_CONDITIONS = "DEBUG $(inherited)";
				SWIFT_OPTIMIZATION_LEVEL = "-Onone";
			};
			name = Debug;
		};
		49AFC3062B88D6ED00369796 /* Release */ = {
			isa = XCBuildConfiguration;
			buildSettings = {
				ALWAYS_SEARCH_USER_PATHS = NO;
				ASSETCATALOG_COMPILER_GENERATE_SWIFT_ASSET_SYMBOL_EXTENSIONS = YES;
				CLANG_ANALYZER_NONNULL = YES;
				CLANG_ANALYZER_NUMBER_OBJECT_CONVERSION = YES_AGGRESSIVE;
				CLANG_CXX_LANGUAGE_STANDARD = "gnu++20";
				CLANG_ENABLE_MODULES = YES;
				CLANG_ENABLE_OBJC_ARC = YES;
				CLANG_ENABLE_OBJC_WEAK = YES;
				CLANG_WARN_BLOCK_CAPTURE_AUTORELEASING = YES;
				CLANG_WARN_BOOL_CONVERSION = YES;
				CLANG_WARN_COMMA = YES;
				CLANG_WARN_CONSTANT_CONVERSION = YES;
				CLANG_WARN_DEPRECATED_OBJC_IMPLEMENTATIONS = YES;
				CLANG_WARN_DIRECT_OBJC_ISA_USAGE = YES_ERROR;
				CLANG_WARN_DOCUMENTATION_COMMENTS = YES;
				CLANG_WARN_EMPTY_BODY = YES;
				CLANG_WARN_ENUM_CONVERSION = YES;
				CLANG_WARN_INFINITE_RECURSION = YES;
				CLANG_WARN_INT_CONVERSION = YES;
				CLANG_WARN_NON_LITERAL_NULL_CONVERSION = YES;
				CLANG_WARN_OBJC_IMPLICIT_RETAIN_SELF = YES;
				CLANG_WARN_OBJC_LITERAL_CONVERSION = YES;
				CLANG_WARN_OBJC_ROOT_CLASS = YES_ERROR;
				CLANG_WARN_QUOTED_INCLUDE_IN_FRAMEWORK_HEADER = YES;
				CLANG_WARN_RANGE_LOOP_ANALYSIS = YES;
				CLANG_WARN_STRICT_PROTOTYPES = YES;
				CLANG_WARN_SUSPICIOUS_MOVE = YES;
				CLANG_WARN_UNGUARDED_AVAILABILITY = YES_AGGRESSIVE;
				CLANG_WARN_UNREACHABLE_CODE = YES;
				CLANG_WARN__DUPLICATE_METHOD_MATCH = YES;
				COPY_PHASE_STRIP = NO;
				DEBUG_INFORMATION_FORMAT = "dwarf-with-dsym";
				ENABLE_NS_ASSERTIONS = NO;
				ENABLE_STRICT_OBJC_MSGSEND = YES;
				ENABLE_USER_SCRIPT_SANDBOXING = YES;
				GCC_C_LANGUAGE_STANDARD = gnu17;
				GCC_NO_COMMON_BLOCKS = YES;
				GCC_WARN_64_TO_32_BIT_CONVERSION = YES;
				GCC_WARN_ABOUT_RETURN_TYPE = YES_ERROR;
				GCC_WARN_UNDECLARED_SELECTOR = YES;
				GCC_WARN_UNINITIALIZED_AUTOS = YES_AGGRESSIVE;
				GCC_WARN_UNUSED_FUNCTION = YES;
				GCC_WARN_UNUSED_VARIABLE = YES;
				LOCALIZATION_PREFERS_STRING_CATALOGS = YES;
				MACOSX_DEPLOYMENT_TARGET = 14.2;
				MTL_ENABLE_DEBUG_INFO = NO;
				MTL_FAST_MATH = YES;
				SDKROOT = macosx;
				SWIFT_COMPILATION_MODE = wholemodule;
			};
			name = Release;
		};
		49AFC3082B88D6ED00369796 /* Debug */ = {
			isa = XCBuildConfiguration;
			buildSettings = {
				ASSETCATALOG_COMPILER_APPICON_NAME = AppIcon;
				ASSETCATALOG_COMPILER_GLOBAL_ACCENT_COLOR_NAME = AccentColor;
				CODE_SIGN_ENTITLEMENTS = BluetoothSleep/BluetoothSleep.entitlements;
				CODE_SIGN_STYLE = Automatic;
				COMBINE_HIDPI_IMAGES = YES;
				CURRENT_PROJECT_VERSION = 1;
				DEVELOPMENT_ASSET_PATHS = "\"BluetoothSleep/Preview Content\"";
				DEVELOPMENT_TEAM = JX56G8T7L2;
				ENABLE_PREVIEWS = YES;
				GENERATE_INFOPLIST_FILE = YES;
				INFOPLIST_FILE = BluetoothSleep/Info.plist;
				INFOPLIST_KEY_CFBundleDisplayName = BluetoothSleep;
				INFOPLIST_KEY_LSApplicationCategoryType = "public.app-category.utilities";
				INFOPLIST_KEY_LSUIElement = YES;
				INFOPLIST_KEY_NSBluetoothAlwaysUsageDescription = "App is managing bluetooth devices while sleeping";
				INFOPLIST_KEY_NSHumanReadableCopyright = "";
				LD_RUNPATH_SEARCH_PATHS = (
					"$(inherited)",
					"@executable_path/../Frameworks",
				);
				MARKETING_VERSION = 1.0;
				PRODUCT_BUNDLE_IDENTIFIER = ch.quetsalkoatl.BluetoothSleep;
				PRODUCT_NAME = "$(TARGET_NAME)";
				SWIFT_EMIT_LOC_STRINGS = YES;
				SWIFT_VERSION = 5.0;
			};
			name = Debug;
		};
		49AFC3092B88D6ED00369796 /* Release */ = {
			isa = XCBuildConfiguration;
			buildSettings = {
				ASSETCATALOG_COMPILER_APPICON_NAME = AppIcon;
				ASSETCATALOG_COMPILER_GLOBAL_ACCENT_COLOR_NAME = AccentColor;
				CODE_SIGN_ENTITLEMENTS = BluetoothSleep/BluetoothSleep.entitlements;
				CODE_SIGN_STYLE = Automatic;
				COMBINE_HIDPI_IMAGES = YES;
				CURRENT_PROJECT_VERSION = 1;
				DEVELOPMENT_ASSET_PATHS = "\"BluetoothSleep/Preview Content\"";
				DEVELOPMENT_TEAM = JX56G8T7L2;
				ENABLE_PREVIEWS = YES;
				GENERATE_INFOPLIST_FILE = YES;
				INFOPLIST_FILE = BluetoothSleep/Info.plist;
				INFOPLIST_KEY_CFBundleDisplayName = BluetoothSleep;
				INFOPLIST_KEY_LSApplicationCategoryType = "public.app-category.utilities";
				INFOPLIST_KEY_LSUIElement = YES;
				INFOPLIST_KEY_NSBluetoothAlwaysUsageDescription = "App is managing bluetooth devices while sleeping";
				INFOPLIST_KEY_NSHumanReadableCopyright = "";
				LD_RUNPATH_SEARCH_PATHS = (
					"$(inherited)",
					"@executable_path/../Frameworks",
				);
				MARKETING_VERSION = 1.0;
				PRODUCT_BUNDLE_IDENTIFIER = ch.quetsalkoatl.BluetoothSleep;
				PRODUCT_NAME = "$(TARGET_NAME)";
				SWIFT_EMIT_LOC_STRINGS = YES;
				SWIFT_VERSION = 5.0;
			};
			name = Release;
		};
/* End XCBuildConfiguration section */

/* Begin XCConfigurationList section */
		49AFC2F32B88D6EC00369796 /* Build configuration list for PBXProject "BluetoothSleep" */ = {
			isa = XCConfigurationList;
			buildConfigurations = (
				49AFC3052B88D6ED00369796 /* Debug */,
				49AFC3062B88D6ED00369796 /* Release */,
			);
			defaultConfigurationIsVisible = 0;
			defaultConfigurationName = Release;
		};
		49AFC3072B88D6ED00369796 /* Build configuration list for PBXNativeTarget "BluetoothSleep" */ = {
			isa = XCConfigurationList;
			buildConfigurations = (
				49AFC3082B88D6ED00369796 /* Debug */,
				49AFC3092B88D6ED00369796 /* Release */,
			);
			defaultConfigurationIsVisible = 0;
			defaultConfigurationName = Release;
		};
/* End XCConfigurationList section */
	};
	rootObject = 49AFC2F02B88D6EC00369796 /* Project object */;
}
